{
  "originHash" : "db84779461ed74ed060d9e42806ffb290b508354ab07f8b37af30a57bc464959",
  "pins" : [
    {
      "identity" : "audiokit",
      "kind" : "remoteSourceControl",
      "location" : "https://github.com/AudioKit/AudioKit.git",
      "state" : {
        "revision" : "5b3fd238ef8ee95c9842ca4ea83ca58ee151e630",
        "version" : "5.6.5"
      }
    },
    {
      "identity" : "audiokitui",
      "kind" : "remoteSourceControl",
      "location" : "https://github.com/AudioKit/AudioKitUI.git",
      "state" : {
        "revision" : "1a61e8a96c7ee24c3e5abe06dc3334a31fd7571d",
        "version" : "0.3.7"
      }
    },
    {
      "identity" : "controls",
      "kind" : "remoteSourceControl",
      "location" : "https://github.com/AudioKit/Controls.git",
      "state" : {
        "revision" : "4dd10370125af7f1e26d7a71b2c5929bb3c95087",
        "version" : "1.1.4"
      }
    },
    {
      "identity" : "keyboard",
      "kind" : "remoteSourceControl",
      "location" : "https://github.com/AudioKit/Keyboard.git",
      "state" : {
        "revision" : "fb589acbbb0854da0fa571ad83c4f1230c2cd280",
        "version" : "1.3.6"
      }
    },
    {
      "identity" : "tonic",
      "kind" : "remoteSourceControl",
      "location" : "https://github.com/AudioKit/Tonic.git",
      "state" : {
        "revision" : "bd73003b0e6caa90fb1d71b57329b0d609b097ee",
        "version" : "1.0.10"
      }
    }
  ],
  "version" : 3
}
